
Microsoft Visual Studio Solution File, Format Version 12.00
# Visual Studio Version 17
VisualStudioVersion = 17.14.36121.58
MinimumVisualStudioVersion = 10.0.40219.1
Project("{FAE04EC0-301F-11D3-BF4B-00C04F79EFBC}") = "wc-tool", "wc-tool\wc-tool.csproj", "{4D014091-3F8E-4751-AF0E-AA66C8F5020D}"
EndProject
Global
	GlobalSection(SolutionConfigurationPlatforms) = preSolution
		Debug|Any CPU = Debug|Any CPU
		Release|Any CPU = Release|Any CPU
	EndGlobalSection
	GlobalSection(ProjectConfigurationPlatforms) = postSolution
		{4D014091-3F8E-4751-AF0E-AA66C8F5020D}.Debug|Any CPU.ActiveCfg = Debug|Any CPU
		{4D014091-3F8E-4751-AF0E-AA66C8F5020D}.Debug|Any CPU.Build.0 = Debug|Any CPU
		{4D014091-3F8E-4751-AF0E-AA66C8F5020D}.Release|Any CPU.ActiveCfg = Release|Any CPU
		{4D014091-3F8E-4751-AF0E-AA66C8F5020D}.Release|Any CPU.Build.0 = Release|Any CPU
	EndGlobalSection
	GlobalSection(SolutionProperties) = preSolution
		HideSolutionNode = FALSE
	EndGlobalSection
	GlobalSection(ExtensibilityGlobals) = postSolution
		SolutionGuid = {5F34194C-7526-4546-B2AF-630E6C59C39E}
	EndGlobalSection
EndGlobal
